// !$*UTF8*$!
{
	archiveVersion = 1;
	classes = {
	};
	objectVersion = 50;
	objects = {

/* Begin PBXBuildFile section */
		C7D24DFE21CE966E00915C44 /* AppDelegate.swift in Sources */ = {isa = PBXBuildFile; fileRef = C7D24DFD21CE966E00915C44 /* AppDelegate.swift */; };
		C7D24E0021CE966E00915C44 /* ViewController.swift in Sources */ = {isa = PBXBuildFile; fileRef = C7D24DFF21CE966E00915C44 /* ViewController.swift */; };
		C7D24E0321CE966E00915C44 /* Main.storyboard in Resources */ = {isa = PBXBuildFile; fileRef = C7D24E0121CE966E00915C44 /* Main.storyboard */; };
		C7D24E0521CE966F00915C44 /* Assets.xcassets in Resources */ = {isa = PBXBuildFile; fileRef = C7D24E0421CE966F00915C44 /* Assets.xcassets */; };
		C7D24E0821CE966F00915C44 /* LaunchScreen.storyboard in Resources */ = {isa = PBXBuildFile; fileRef = C7D24E0621CE966F00915C44 /* LaunchScreen.storyboard */; };
		C7D24E1321CE966F00915C44 /* togetherTests.swift in Sources */ = {isa = PBXBuildFile; fileRef = C7D24E1221CE966F00915C44 /* togetherTests.swift */; };
		C7D24E1E21CE966F00915C44 /* togetherUITests.swift in Sources */ = {isa = PBXBuildFile; fileRef = C7D24E1D21CE966F00915C44 /* togetherUITests.swift */; };
/* End PBXBuildFile section */

/* Begin PBXContainerItemProxy section */
		C7D24E0F21CE966F00915C44 /* PBXContainerItemProxy */ = {
			isa = PBXContainerItemProxy;
			containerPortal = C7D24DF221CE966E00915C44 /* Project object */;
			proxyType = 1;
			remoteGlobalIDString = C7D24DF921CE966E00915C44;
			remoteInfo = together;
		};
		C7D24E1A21CE966F00915C44 /* PBXContainerItemProxy */ = {
			isa = PBXContainerItemProxy;
			containerPortal = C7D24DF221CE966E00915C44 /* Project object */;
			proxyType = 1;
			remoteGlobalIDString = C7D24DF921CE966E00915C44;
			remoteInfo = together;
		};
/* End PBXContainerItemProxy section */

/* Begin PBXFileReference section */
		C7D24DFA21CE966E00915C44 /* together.app */ = {isa = PBXFileReference; explicitFileType = wrapper.application; includeInIndex = 0; path = together.app; sourceTree = BUILT_PRODUCTS_DIR; };
		C7D24DFD21CE966E00915C44 /* AppDelegate.swift */ = {isa = PBXFileReference; lastKnownFileType = sourcecode.swift; path = AppDelegate.swift; sourceTree = "<group>"; };
		C7D24DFF21CE966E00915C44 /* ViewController.swift */ = {isa = PBXFileReference; lastKnownFileType = sourcecode.swift; path = ViewController.swift; sourceTree = "<group>"; };
		C7D24E0221CE966E00915C44 /* Base */ = {isa = PBXFileReference; lastKnownFileType = file.storyboard; name = Base; path = Base.lproj/Main.storyboard; sourceTree = "<group>"; };
		C7D24E0421CE966F00915C44 /* Assets.xcassets */ = {isa = PBXFileReference; lastKnownFileType = folder.assetcatalog; path = Assets.xcassets; sourceTree = "<group>"; };
		C7D24E0721CE966F00915C44 /* Base */ = {isa = PBXFileReference; lastKnownFileType = file.storyboard; name = Base; path = Base.lproj/LaunchScreen.storyboard; sourceTree = "<group>"; };
		C7D24E0921CE966F00915C44 /* Info.plist */ = {isa = PBXFileReference; lastKnownFileType = text.plist.xml; path = Info.plist; sourceTree = "<group>"; };
		C7D24E0E21CE966F00915C44 /* togetherTests.xctest */ = {isa = PBXFileReference; explicitFileType = wrapper.cfbundle; includeInIndex = 0; path = togetherTests.xctest; sourceTree = BUILT_PRODUCTS_DIR; };
		C7D24E1221CE966F00915C44 /* togetherTests.swift */ = {isa = PBXFileReference; lastKnownFileType = sourcecode.swift; path = togetherTests.swift; sourceTree = "<group>"; };
		C7D24E1421CE966F00915C44 /* Info.plist */ = {isa = PBXFileReference; lastKnownFileType = text.plist.xml; path = Info.plist; sourceTree = "<group>"; };
		C7D24E1921CE966F00915C44 /* togetherUITests.xctest */ = {isa = PBXFileReference; explicitFileType = wrapper.cfbundle; includeInIndex = 0; path = togetherUITests.xctest; sourceTree = BUILT_PRODUCTS_DIR; };
		C7D24E1D21CE966F00915C44 /* togetherUITests.swift */ = {isa = PBXFileReference; lastKnownFileType = sourcecode.swift; path = togetherUITests.swift; sourceTree = "<group>"; };
		C7D24E1F21CE966F00915C44 /* Info.plist */ = {isa = PBXFileReference; lastKnownFileType = text.plist.xml; path = Info.plist; sourceTree = "<group>"; };
/* End PBXFileReference section */

/* Begin PBXFrameworksBuildPhase section */
		C7D24DF721CE966E00915C44 /* Frameworks */ = {
			isa = PBXFrameworksBuildPhase;
			buildActionMask = 2147483647;
			files = (
			);
			runOnlyForDeploymentPostprocessing = 0;
		};
		C7D24E0B21CE966F00915C44 /* Frameworks */ = {
			isa = PBXFrameworksBuildPhase;
			buildActionMask = 2147483647;
			files = (
			);
			runOnlyForDeploymentPostprocessing = 0;
		};
		C7D24E1621CE966F00915C44 /* Frameworks */ = {
			isa = PBXFrameworksBuildPhase;
			buildActionMask = 2147483647;
			files = (
			);
			runOnlyForDeploymentPostprocessing = 0;
		};
/* End PBXFrameworksBuildPhase section */

/* Begin PBXGroup section */
		C7D24DF121CE966E00915C44 = {
			isa = PBXGroup;
			children = (
				C7D24DFC21CE966E00915C44 /* together */,
				C7D24E1121CE966F00915C44 /* togetherTests */,
				C7D24E1C21CE966F00915C44 /* togetherUITests */,
				C7D24DFB21CE966E00915C44 /* Products */,
			);
			sourceTree = "<group>";
		};
		C7D24DFB21CE966E00915C44 /* Products */ = {
			isa = PBXGroup;
			children = (
				C7D24DFA21CE966E00915C44 /* together.app */,
				C7D24E0E21CE966F00915C44 /* togetherTests.xctest */,
				C7D24E1921CE966F00915C44 /* togetherUITests.xctest */,
			);
			name = Products;
			sourceTree = "<group>";
		};
		C7D24DFC21CE966E00915C44 /* together */ = {
			isa = PBXGroup;
			children = (
				C7D24DFD21CE966E00915C44 /* AppDelegate.swift */,
				C7D24DFF21CE966E00915C44 /* ViewController.swift */,
				C7D24E0121CE966E00915C44 /* Main.storyboard */,
				C7D24E0421CE966F00915C44 /* Assets.xcassets */,
				C7D24E0621CE966F00915C44 /* LaunchScreen.storyboard */,
				C7D24E0921CE966F00915C44 /* Info.plist */,
			);
			path = together;
			sourceTree = "<group>";
		};
		C7D24E1121CE966F00915C44 /* togetherTests */ = {
			isa = PBXGroup;
			children = (
				C7D24E1221CE966F00915C44 /* togetherTests.swift */,
				C7D24E1421CE966F00915C44 /* Info.plist */,
			);
			path = togetherTests;
			sourceTree = "<group>";
		};
		C7D24E1C21CE966F00915C44 /* togetherUITests */ = {
			isa = PBXGroup;
			children = (
				C7D24E1D21CE966F00915C44 /* togetherUITests.swift */,
				C7D24E1F21CE966F00915C44 /* Info.plist */,
			);
			path = togetherUITests;
			sourceTree = "<group>";
		};
/* End PBXGroup section */

/* Begin PBXNativeTarget section */
		C7D24DF921CE966E00915C44 /* together */ = {
			isa = PBXNativeTarget;
			buildConfigurationList = C7D24E2221CE966F00915C44 /* Build configuration list for PBXNativeTarget "together" */;
			buildPhases = (
				C7D24DF621CE966E00915C44 /* Sources */,
				C7D24DF721CE966E00915C44 /* Frameworks */,
				C7D24DF821CE966E00915C44 /* Resources */,
			);
			buildRules = (
			);
			dependencies = (
			);
			name = together;
			productName = together;
			productReference = C7D24DFA21CE966E00915C44 /* together.app */;
			productType = "com.apple.product-type.application";
		};
		C7D24E0D21CE966F00915C44 /* togetherTests */ = {
			isa = PBXNativeTarget;
			buildConfigurationList = C7D24E2521CE966F00915C44 /* Build configuration list for PBXNativeTarget "togetherTests" */;
			buildPhases = (
				C7D24E0A21CE966F00915C44 /* Sources */,
				C7D24E0B21CE966F00915C44 /* Frameworks */,
				C7D24E0C21CE966F00915C44 /* Resources */,
			);
			buildRules = (
			);
			dependencies = (
				C7D24E1021CE966F00915C44 /* PBXTargetDependency */,
			);
			name = togetherTests;
			productName = togetherTests;
			productReference = C7D24E0E21CE966F00915C44 /* togetherTests.xctest */;
			productType = "com.apple.product-type.bundle.unit-test";
		};
		C7D24E1821CE966F00915C44 /* togetherUITests */ = {
			isa = PBXNativeTarget;
			buildConfigurationList = C7D24E2821CE966F00915C44 /* Build configuration list for PBXNativeTarget "togetherUITests" */;
			buildPhases = (
				C7D24E1521CE966F00915C44 /* Sources */,
				C7D24E1621CE966F00915C44 /* Frameworks */,
				C7D24E1721CE966F00915C44 /* Resources */,
			);
			buildRules = (
			);
			dependencies = (
				C7D24E1B21CE966F00915C44 /* PBXTargetDependency */,
			);
			name = togetherUITests;
			productName = togetherUITests;
			productReference = C7D24E1921CE966F00915C44 /* togetherUITests.xctest */;
			productType = "com.apple.product-type.bundle.ui-testing";
		};
/* End PBXNativeTarget section */

/* Begin PBXProject section */
		C7D24DF221CE966E00915C44 /* Project object */ = {
			isa = PBXProject;
			attributes = {
				LastSwiftUpdateCheck = 1010;
				LastUpgradeCheck = 1010;
				ORGANIZATIONNAME = together;
				TargetAttributes = {
					C7D24DF921CE966E00915C44 = {
						CreatedOnToolsVersion = 10.1;
					};
					C7D24E0D21CE966F00915C44 = {
						CreatedOnToolsVersion = 10.1;
						TestTargetID = C7D24DF921CE966E00915C44;
					};
					C7D24E1821CE966F00915C44 = {
						CreatedOnToolsVersion = 10.1;
						TestTargetID = C7D24DF921CE966E00915C44;
					};
				};
			};
			buildConfigurationList = C7D24DF521CE966E00915C44 /* Build configuration list for PBXProject "together" */;
			compatibilityVersion = "Xcode 9.3";
			developmentRegion = en;
			hasScannedForEncodings = 0;
			knownRegions = (
				en,
				Base,
			);
			mainGroup = C7D24DF121CE966E00915C44;
			productRefGroup = C7D24DFB21CE966E00915C44 /* Products */;
			projectDirPath = "";
			projectRoot = "";
			targets = (
				C7D24DF921CE966E00915C44 /* together */,
				C7D24E0D21CE966F00915C44 /* togetherTests */,
				C7D24E1821CE966F00915C44 /* togetherUITests */,
			);
		};
/* End PBXProject section */

/* Begin PBXResourcesBuildPhase section */
		C7D24DF821CE966E00915C44 /* Resources */ = {
			isa = PBXResourcesBuildPhase;
			buildActionMask = 2147483647;
			files = (
				C7D24E0821CE966F00915C44 /* LaunchScreen.storyboard in Resources */,
				C7D24E0521CE966F00915C44 /* Assets.xcassets in Resources */,
				C7D24E0321CE966E00915C44 /* Main.storyboard in Resources */,
			);
			runOnlyForDeploymentPostprocessing = 0;
		};
		C7D24E0C21CE966F00915C44 /* Resources */ = {
			isa = PBXResourcesBuildPhase;
			buildActionMask = 2147483647;
			files = (
			);
			runOnlyForDeploymentPostprocessing = 0;
		};
		C7D24E1721CE966F00915C44 /* Resources */ = {
			isa = PBXResourcesBuildPhase;
			buildActionMask = 2147483647;
			files = (
			);
			runOnlyForDeploymentPostprocessing = 0;
		};
/* End PBXResourcesBuildPhase section */

/* Begin PBXSourcesBuildPhase section */
		C7D24DF621CE966E00915C44 /* Sources */ = {
			isa = PBXSourcesBuildPhase;
			buildActionMask = 2147483647;
			files = (
				C7D24E0021CE966E00915C44 /* ViewController.swift in Sources */,
				C7D24DFE21CE966E00915C44 /* AppDelegate.swift in Sources */,
			);
			runOnlyForDeploymentPostprocessing = 0;
		};
		C7D24E0A21CE966F00915C44 /* Sources */ = {
			isa = PBXSourcesBuildPhase;
			buildActionMask = 2147483647;
			files = (
				C7D24E1321CE966F00915C44 /* togetherTests.swift in Sources */,
			);
			runOnlyForDeploymentPostprocessing = 0;
		};
		C7D24E1521CE966F00915C44 /* Sources */ = {
			isa = PBXSourcesBuildPhase;
			buildActionMask = 2147483647;
			files = (
				C7D24E1E21CE966F00915C44 /* togetherUITests.swift in Sources */,
			);
			runOnlyForDeploymentPostprocessing = 0;
		};
/* End PBXSourcesBuildPhase section */

/* Begin PBXTargetDependency section */
		C7D24E1021CE966F00915C44 /* PBXTargetDependency */ = {
			isa = PBXTargetDependency;
			target = C7D24DF921CE966E00915C44 /* together */;
			targetProxy = C7D24E0F21CE966F00915C44 /* PBXContainerItemProxy */;
		};
		C7D24E1B21CE966F00915C44 /* PBXTargetDependency */ = {
			isa = PBXTargetDependency;
			target = C7D24DF921CE966E00915C44 /* together */;
			targetProxy = C7D24E1A21CE966F00915C44 /* PBXContainerItemProxy */;
		};
/* End PBXTargetDependency section */

/* Begin PBXVariantGroup section */
		C7D24E0121CE966E00915C44 /* Main.storyboard */ = {
			isa = PBXVariantGroup;
			children = (
				C7D24E0221CE966E00915C44 /* Base */,
			);
			name = Main.storyboard;
			sourceTree = "<group>";
		};
		C7D24E0621CE966F00915C44 /* LaunchScreen.storyboard */ = {
			isa = PBXVariantGroup;
			children = (
				C7D24E0721CE966F00915C44 /* Base */,
			);
			name = LaunchScreen.storyboard;
			sourceTree = "<group>";
		};
/* End PBXVariantGroup section */

/* Begin XCBuildConfiguration section */
		C7D24E2021CE966F00915C44 /* Debug */ = {
			isa = XCBuildConfiguration;
			buildSettings = {
				ALWAYS_SEARCH_USER_PATHS = NO;
				CLANG_ANALYZER_NONNULL = YES;
				CLANG_ANALYZER_NUMBER_OBJECT_CONVERSION = YES_AGGRESSIVE;
				CLANG_CXX_LANGUAGE_STANDARD = "gnu++14";
				CLANG_CXX_LIBRARY = "libc++";
				CLANG_ENABLE_MODULES = YES;
				CLANG_ENABLE_OBJC_ARC = YES;
				CLANG_ENABLE_OBJC_WEAK = YES;
				CLANG_WARN_BLOCK_CAPTURE_AUTORELEASING = YES;
				CLANG_WARN_BOOL_CONVERSION = YES;
				CLANG_WARN_COMMA = YES;
				CLANG_WARN_CONSTANT_CONVERSION = YES;
				CLANG_WARN_DEPRECATED_OBJC_IMPLEMENTATIONS = YES;
				CLANG_WARN_DIRECT_OBJC_ISA_USAGE = YES_ERROR;
				CLANG_WARN_DOCUMENTATION_COMMENTS = YES;
				CLANG_WARN_EMPTY_BODY = YES;
				CLANG_WARN_ENUM_CONVERSION = YES;
				CLANG_WARN_INFINITE_RECURSION = YES;
				CLANG_WARN_INT_CONVERSION = YES;
				CLANG_WARN_NON_LITERAL_NULL_CONVERSION = YES;
				CLANG_WARN_OBJC_IMPLICIT_RETAIN_SELF = YES;
				CLANG_WARN_OBJC_LITERAL_CONVERSION = YES;
				CLANG_WARN_OBJC_ROOT_CLASS = YES_ERROR;
				CLANG_WARN_RANGE_LOOP_ANALYSIS = YES;
				CLANG_WARN_STRICT_PROTOTYPES = YES;
				CLANG_WARN_SUSPICIOUS_MOVE = YES;
				CLANG_WARN_UNGUARDED_AVAILABILITY = YES_AGGRESSIVE;
				CLANG_WARN_UNREACHABLE_CODE = YES;
				CLANG_WARN__DUPLICATE_METHOD_MATCH = YES;
				CODE_SIGN_IDENTITY = "iPhone Developer";
				COPY_PHASE_STRIP = NO;
				DEBUG_INFORMATION_FORMAT = dwarf;
				ENABLE_STRICT_OBJC_MSGSEND = YES;
				ENABLE_TESTABILITY = YES;
				GCC_C_LANGUAGE_STANDARD = gnu11;
				GCC_DYNAMIC_NO_PIC = NO;
				GCC_NO_COMMON_BLOCKS = YES;
				GCC_OPTIMIZATION_LEVEL = 0;
				GCC_PREPROCESSOR_DEFINITIONS = (
					"DEBUG=1",
					"$(inherited)",
				);
				GCC_WARN_64_TO_32_BIT_CONVERSION = YES;
				GCC_WARN_ABOUT_RETURN_TYPE = YES_ERROR;
				GCC_WARN_UNDECLARED_SELECTOR = YES;
				GCC_WARN_UNINITIALIZED_AUTOS = YES_AGGRESSIVE;
				GCC_WARN_UNUSED_FUNCTION = YES;
				GCC_WARN_UNUSED_VARIABLE = YES;
				IPHONEOS_DEPLOYMENT_TARGET = 12.1;
				MTL_ENABLE_DEBUG_INFO = INCLUDE_SOURCE;
				MTL_FAST_MATH = YES;
				ONLY_ACTIVE_ARCH = YES;
				SDKROOT = iphoneos;
				SWIFT_ACTIVE_COMPILATION_CONDITIONS = DEBUG;
				SWIFT_OPTIMIZATION_LEVEL = "-Onone";
			};
			name = Debug;
		};
		C7D24E2121CE966F00915C44 /* Release */ = {
			isa = XCBuildConfiguration;
			buildSettings = {
				ALWAYS_SEARCH_USER_PATHS = NO;
				CLANG_ANALYZER_NONNULL = YES;
				CLANG_ANALYZER_NUMBER_OBJECT_CONVERSION = YES_AGGRESSIVE;
				CLANG_CXX_LANGUAGE_STANDARD = "gnu++14";
				CLANG_CXX_LIBRARY = "libc++";
				CLANG_ENABLE_MODULES = YES;
				CLANG_ENABLE_OBJC_ARC = YES;
				CLANG_ENABLE_OBJC_WEAK = YES;
				CLANG_WARN_BLOCK_CAPTURE_AUTORELEASING = YES;
				CLANG_WARN_BOOL_CONVERSION = YES;
				CLANG_WARN_COMMA = YES;
				CLANG_WARN_CONSTANT_CONVERSION = YES;
				CLANG_WARN_DEPRECATED_OBJC_IMPLEMENTATIONS = YES;
				CLANG_WARN_DIRECT_OBJC_ISA_USAGE = YES_ERROR;
				CLANG_WARN_DOCUMENTATION_COMMENTS = YES;
				CLANG_WARN_EMPTY_BODY = YES;
				CLANG_WARN_ENUM_CONVERSION = YES;
				CLANG_WARN_INFINITE_RECURSION = YES;
				CLANG_WARN_INT_CONVERSION = YES;
				CLANG_WARN_NON_LITERAL_NULL_CONVERSION = YES;
				CLANG_WARN_OBJC_IMPLICIT_RETAIN_SELF = YES;
				CLANG_WARN_OBJC_LITERAL_CONVERSION = YES;
				CLANG_WARN_OBJC_ROOT_CLASS = YES_ERROR;
				CLANG_WARN_RANGE_LOOP_ANALYSIS = YES;
				CLANG_WARN_STRICT_PROTOTYPES = YES;
				CLANG_WARN_SUSPICIOUS_MOVE = YES;
				CLANG_WARN_UNGUARDED_AVAILABILITY = YES_AGGRESSIVE;
				CLANG_WARN_UNREACHABLE_CODE = YES;
				CLANG_WARN__DUPLICATE_METHOD_MATCH = YES;
				CODE_SIGN_IDENTITY = "iPhone Developer";
				COPY_PHASE_STRIP = NO;
				DEBUG_INFORMATION_FORMAT = "dwarf-with-dsym";
				ENABLE_NS_ASSERTIONS = NO;
				ENABLE_STRICT_OBJC_MSGSEND = YES;
				GCC_C_LANGUAGE_STANDARD = gnu11;
				GCC_NO_COMMON_BLOCKS = YES;
				GCC_WARN_64_TO_32_BIT_CONVERSION = YES;
				GCC_WARN_ABOUT_RETURN_TYPE = YES_ERROR;
				GCC_WARN_UNDECLARED_SELECTOR = YES;
				GCC_WARN_UNINITIALIZED_AUTOS = YES_AGGRESSIVE;
				GCC_WARN_UNUSED_FUNCTION = YES;
				GCC_WARN_UNUSED_VARIABLE = YES;
				IPHONEOS_DEPLOYMENT_TARGET = 12.1;
				MTL_ENABLE_DEBUG_INFO = NO;
				MTL_FAST_MATH = YES;
				SDKROOT = iphoneos;
				SWIFT_COMPILATION_MODE = wholemodule;
				SWIFT_OPTIMIZATION_LEVEL = "-O";
				VALIDATE_PRODUCT = YES;
			};
			name = Release;
		};
		C7D24E2321CE966F00915C44 /* Debug */ = {
			isa = XCBuildConfiguration;
			buildSettings = {
				ASSETCATALOG_COMPILER_APPICON_NAME = AppIcon;
				CODE_SIGN_STYLE = Automatic;
				DEVELOPMENT_TEAM = WQ2MZLEN37;
				INFOPLIST_FILE = together/Info.plist;
				LD_RUNPATH_SEARCH_PATHS = (
					"$(inherited)",
					"@executable_path/Frameworks",
				);
				PRODUCT_BUNDLE_IDENTIFIER = lk.together.together;
				PRODUCT_NAME = "$(TARGET_NAME)";
				SWIFT_VERSION = 4.2;
				TARGETED_DEVICE_FAMILY = "1,2";
			};
			name = Debug;
		};
		C7D24E2421CE966F00915C44 /* Release */ = {
			isa = XCBuildConfiguration;
			buildSettings = {
				ASSETCATALOG_COMPILER_APPICON_NAME = AppIcon;
				CODE_SIGN_STYLE = Automatic;
				DEVELOPMENT_TEAM = WQ2MZLEN37;
				INFOPLIST_FILE = together/Info.plist;
				LD_RUNPATH_SEARCH_PATHS = (
					"$(inherited)",
					"@executable_path/Frameworks",
				);
				PRODUCT_BUNDLE_IDENTIFIER = lk.together.together;
				PRODUCT_NAME = "$(TARGET_NAME)";
				SWIFT_VERSION = 4.2;
				TARGETED_DEVICE_FAMILY = "1,2";
			};
			name = Release;
		};
		C7D24E2621CE966F00915C44 /* Debug */ = {
			isa = XCBuildConfiguration;
			buildSettings = {
				ALWAYS_EMBED_SWIFT_STANDARD_LIBRARIES = YES;
				BUNDLE_LOADER = "$(TEST_HOST)";
				CODE_SIGN_STYLE = Automatic;
				DEVELOPMENT_TEAM = WQ2MZLEN37;
				INFOPLIST_FILE = togetherTests/Info.plist;
				LD_RUNPATH_SEARCH_PATHS = (
					"$(inherited)",
					"@executable_path/Frameworks",
					"@loader_path/Frameworks",
				);
				PRODUCT_BUNDLE_IDENTIFIER = lk.together.togetherTests;
				PRODUCT_NAME = "$(TARGET_NAME)";
				SWIFT_VERSION = 4.2;
				TARGETED_DEVICE_FAMILY = "1,2";
				TEST_HOST = "$(BUILT_PRODUCTS_DIR)/together.app/together";
			};
			name = Debug;
		};
		C7D24E2721CE966F00915C44 /* Release */ = {
			isa = XCBuildConfiguration;
			buildSettings = {
				ALWAYS_EMBED_SWIFT_STANDARD_LIBRARIES = YES;
				BUNDLE_LOADER = "$(TEST_HOST)";
				CODE_SIGN_STYLE = Automatic;
				DEVELOPMENT_TEAM = WQ2MZLEN37;
				INFOPLIST_FILE = togetherTests/Info.plist;
				LD_RUNPATH_SEARCH_PATHS = (
					"$(inherited)",
					"@executable_path/Frameworks",
					"@loader_path/Frameworks",
				);
				PRODUCT_BUNDLE_IDENTIFIER = lk.together.togetherTests;
				PRODUCT_NAME = "$(TARGET_NAME)";
				SWIFT_VERSION = 4.2;
				TARGETED_DEVICE_FAMILY = "1,2";
				TEST_HOST = "$(BUILT_PRODUCTS_DIR)/together.app/together";
			};
			name = Release;
		};
		C7D24E2921CE966F00915C44 /* Debug */ = {
			isa = XCBuildConfiguration;
			buildSettings = {
				ALWAYS_EMBED_SWIFT_STANDARD_LIBRARIES = YES;
				CODE_SIGN_STYLE = Automatic;
				DEVELOPMENT_TEAM = WQ2MZLEN37;
				INFOPLIST_FILE = togetherUITests/Info.plist;
				LD_RUNPATH_SEARCH_PATHS = (
					"$(inherited)",
					"@executable_path/Frameworks",
					"@loader_path/Frameworks",
				);
				PRODUCT_BUNDLE_IDENTIFIER = lk.together.togetherUITests;
				PRODUCT_NAME = "$(TARGET_NAME)";
				SWIFT_VERSION = 4.2;
				TARGETED_DEVICE_FAMILY = "1,2";
				TEST_TARGET_NAME = together;
			};
			name = Debug;
		};
		C7D24E2A21CE966F00915C44 /* Release */ = {
			isa = XCBuildConfiguration;
			buildSettings = {
				ALWAYS_EMBED_SWIFT_STANDARD_LIBRARIES = YES;
				CODE_SIGN_STYLE = Automatic;
				DEVELOPMENT_TEAM = WQ2MZLEN37;
				INFOPLIST_FILE = togetherUITests/Info.plist;
				LD_RUNPATH_SEARCH_PATHS = (
					"$(inherited)",
					"@executable_path/Frameworks",
					"@loader_path/Frameworks",
				);
				PRODUCT_BUNDLE_IDENTIFIER = lk.together.togetherUITests;
				PRODUCT_NAME = "$(TARGET_NAME)";
				SWIFT_VERSION = 4.2;
				TARGETED_DEVICE_FAMILY = "1,2";
				TEST_TARGET_NAME = together;
			};
			name = Release;
		};
/* End XCBuildConfiguration section */

/* Begin XCConfigurationList section */
		C7D24DF521CE966E00915C44 /* Build configuration list for PBXProject "together" */ = {
			isa = XCConfigurationList;
			buildConfigurations = (
				C7D24E2021CE966F00915C44 /* Debug */,
				C7D24E2121CE966F00915C44 /* Release */,
			);
			defaultConfigurationIsVisible = 0;
			defaultConfigurationName = Release;
		};
		C7D24E2221CE966F00915C44 /* Build configuration list for PBXNativeTarget "together" */ = {
			isa = XCConfigurationList;
			buildConfigurations = (
				C7D24E2321CE966F00915C44 /* Debug */,
				C7D24E2421CE966F00915C44 /* Release */,
			);
			defaultConfigurationIsVisible = 0;
			defaultConfigurationName = Release;
		};
		C7D24E2521CE966F00915C44 /* Build configuration list for PBXNativeTarget "togetherTests" */ = {
			isa = XCConfigurationList;
			buildConfigurations = (
				C7D24E2621CE966F00915C44 /* Debug */,
				C7D24E2721CE966F00915C44 /* Release */,
			);
			defaultConfigurationIsVisible = 0;
			defaultConfigurationName = Release;
		};
		C7D24E2821CE966F00915C44 /* Build configuration list for PBXNativeTarget "togetherUITests" */ = {
			isa = XCConfigurationList;
			buildConfigurations = (
				C7D24E2921CE966F00915C44 /* Debug */,
				C7D24E2A21CE966F00915C44 /* Release */,
			);
			defaultConfigurationIsVisible = 0;
			defaultConfigurationName = Release;
		};
/* End XCConfigurationList section */
	};
	rootObject = C7D24DF221CE966E00915C44 /* Project object */;
}
